// !$*UTF8*$!
{
	archiveVersion = 1;
	classes = {
	};
	objectVersion = 46;
	objects = {

/* Begin PBXBuildFile section */
		A9F6C3AF1EB51FA9000601EA /* AppDelegate.swift in Sources */ = {isa = PBXBuildFile; fileRef = A9F6C3AE1EB51FA9000601EA /* AppDelegate.swift */; };
		A9F6C3B11EB51FA9000601EA /* ViewController.swift in Sources */ = {isa = PBXBuildFile; fileRef = A9F6C3B01EB51FA9000601EA /* ViewController.swift */; };
		A9F6C3B61EB51FA9000601EA /* Assets.xcassets in Resources */ = {isa = PBXBuildFile; fileRef = A9F6C3B51EB51FA9000601EA /* Assets.xcassets */; };
		A9F6C3B91EB51FA9000601EA /* LaunchScreen.storyboard in Resources */ = {isa = PBXBuildFile; fileRef = A9F6C3B71EB51FA9000601EA /* LaunchScreen.storyboard */; };
		A9F6C3C21EB52089000601EA /* Main.storyboard in Resources */ = {isa = PBXBuildFile; fileRef = A9F6C3C11EB52089000601EA /* Main.storyboard */; };
		A9F6C3C71EB5209F000601EA /* ProfileVC.swift in Sources */ = {isa = PBXBuildFile; fileRef = A9F6C3C31EB5209F000601EA /* ProfileVC.swift */; };
		A9F6C3C81EB5209F000601EA /* InfoVC.swift in Sources */ = {isa = PBXBuildFile; fileRef = A9F6C3C41EB5209F000601EA /* InfoVC.swift */; };
		A9F6C3C91EB5209F000601EA /* SignInVC.swift in Sources */ = {isa = PBXBuildFile; fileRef = A9F6C3C51EB5209F000601EA /* SignInVC.swift */; };
		A9F6C3CA1EB5209F000601EA /* SignUpVC.swift in Sources */ = {isa = PBXBuildFile; fileRef = A9F6C3C61EB5209F000601EA /* SignUpVC.swift */; };
		A9F6C3CE1EB520B8000601EA /* KeyboardViewController.swift in Sources */ = {isa = PBXBuildFile; fileRef = A9F6C3CD1EB520B8000601EA /* KeyboardViewController.swift */; };
		A9F6C3D21EB520C0000601EA /* TournamentListingVC.swift in Sources */ = {isa = PBXBuildFile; fileRef = A9F6C3CF1EB520C0000601EA /* TournamentListingVC.swift */; };
		A9F6C3D31EB520C0000601EA /* BracketsVC.swift in Sources */ = {isa = PBXBuildFile; fileRef = A9F6C3D01EB520C0000601EA /* BracketsVC.swift */; };
		A9F6C3D41EB520C0000601EA /* SearchVC.swift in Sources */ = {isa = PBXBuildFile; fileRef = A9F6C3D11EB520C0000601EA /* SearchVC.swift */; };
		A9F6C3DA1EB520D4000601EA /* TournamentCreationVC.swift in Sources */ = {isa = PBXBuildFile; fileRef = A9F6C3D61EB520D4000601EA /* TournamentCreationVC.swift */; };
		A9F6C3DB1EB520D4000601EA /* TournamentParticipantsVC.swift in Sources */ = {isa = PBXBuildFile; fileRef = A9F6C3D71EB520D4000601EA /* TournamentParticipantsVC.swift */; };
		A9F6C3DC1EB520D4000601EA /* SingleStageVC.swift in Sources */ = {isa = PBXBuildFile; fileRef = A9F6C3D81EB520D4000601EA /* SingleStageVC.swift */; };
		A9F6C3DD1EB520D4000601EA /* TwoStageVC.swift in Sources */ = {isa = PBXBuildFile; fileRef = A9F6C3D91EB520D4000601EA /* TwoStageVC.swift */; };
		A9F6C3E31EB5211E000601EA /* Tournament.swift in Sources */ = {isa = PBXBuildFile; fileRef = A9F6C3E01EB5211E000601EA /* Tournament.swift */; };
		A9F6C3E41EB5211E000601EA /* UserCreate.swift in Sources */ = {isa = PBXBuildFile; fileRef = A9F6C3E11EB5211E000601EA /* UserCreate.swift */; };
		A9F6C3E51EB5211E000601EA /* UserSignIn.swift in Sources */ = {isa = PBXBuildFile; fileRef = A9F6C3E21EB5211E000601EA /* UserSignIn.swift */; };
		A9F6C3E81EB52128000601EA /* EmptyStateV.swift in Sources */ = {isa = PBXBuildFile; fileRef = A9F6C3E61EB52128000601EA /* EmptyStateV.swift */; };
		A9F6C3E91EB52128000601EA /* EmptyStateV.xib in Resources */ = {isa = PBXBuildFile; fileRef = A9F6C3E71EB52128000601EA /* EmptyStateV.xib */; };
		A9F6C3EB1EB56112000601EA /* TournamentMaster.swift in Sources */ = {isa = PBXBuildFile; fileRef = A9F6C3EA1EB56112000601EA /* TournamentMaster.swift */; };
		FAB1B15ACEA4B5C814BACD6A /* Pods_Tourney.framework in Frameworks */ = {isa = PBXBuildFile; fileRef = 18AEDC40A4FDD8D068E76370 /* Pods_Tourney.framework */; };
/* End PBXBuildFile section */

/* Begin PBXFileReference section */
		18AEDC40A4FDD8D068E76370 /* Pods_Tourney.framework */ = {isa = PBXFileReference; explicitFileType = wrapper.framework; includeInIndex = 0; path = Pods_Tourney.framework; sourceTree = BUILT_PRODUCTS_DIR; };
		4AC9FEBEE841F150C879D12B /* Pods-Tourney.debug.xcconfig */ = {isa = PBXFileReference; includeInIndex = 1; lastKnownFileType = text.xcconfig; name = "Pods-Tourney.debug.xcconfig"; path = "Pods/Target Support Files/Pods-Tourney/Pods-Tourney.debug.xcconfig"; sourceTree = "<group>"; };
		A9F6C3AB1EB51FA9000601EA /* Tourney.app */ = {isa = PBXFileReference; explicitFileType = wrapper.application; includeInIndex = 0; path = Tourney.app; sourceTree = BUILT_PRODUCTS_DIR; };
		A9F6C3AE1EB51FA9000601EA /* AppDelegate.swift */ = {isa = PBXFileReference; lastKnownFileType = sourcecode.swift; path = AppDelegate.swift; sourceTree = "<group>"; };
		A9F6C3B01EB51FA9000601EA /* ViewController.swift */ = {isa = PBXFileReference; lastKnownFileType = sourcecode.swift; path = ViewController.swift; sourceTree = "<group>"; };
		A9F6C3B51EB51FA9000601EA /* Assets.xcassets */ = {isa = PBXFileReference; lastKnownFileType = folder.assetcatalog; path = Assets.xcassets; sourceTree = "<group>"; };
		A9F6C3B81EB51FA9000601EA /* Base */ = {isa = PBXFileReference; lastKnownFileType = file.storyboard; name = Base; path = Base.lproj/LaunchScreen.storyboard; sourceTree = "<group>"; };
		A9F6C3BA1EB51FA9000601EA /* Info.plist */ = {isa = PBXFileReference; lastKnownFileType = text.plist.xml; path = Info.plist; sourceTree = "<group>"; };
		A9F6C3C11EB52089000601EA /* Main.storyboard */ = {isa = PBXFileReference; fileEncoding = 4; lastKnownFileType = file.storyboard; path = Main.storyboard; sourceTree = "<group>"; };
		A9F6C3C31EB5209F000601EA /* ProfileVC.swift */ = {isa = PBXFileReference; fileEncoding = 4; lastKnownFileType = sourcecode.swift; path = ProfileVC.swift; sourceTree = "<group>"; };
		A9F6C3C41EB5209F000601EA /* InfoVC.swift */ = {isa = PBXFileReference; fileEncoding = 4; lastKnownFileType = sourcecode.swift; path = InfoVC.swift; sourceTree = "<group>"; };
		A9F6C3C51EB5209F000601EA /* SignInVC.swift */ = {isa = PBXFileReference; fileEncoding = 4; lastKnownFileType = sourcecode.swift; path = SignInVC.swift; sourceTree = "<group>"; };
		A9F6C3C61EB5209F000601EA /* SignUpVC.swift */ = {isa = PBXFileReference; fileEncoding = 4; lastKnownFileType = sourcecode.swift; path = SignUpVC.swift; sourceTree = "<group>"; };
		A9F6C3CD1EB520B8000601EA /* KeyboardViewController.swift */ = {isa = PBXFileReference; fileEncoding = 4; lastKnownFileType = sourcecode.swift; path = KeyboardViewController.swift; sourceTree = "<group>"; };
		A9F6C3CF1EB520C0000601EA /* TournamentListingVC.swift */ = {isa = PBXFileReference; fileEncoding = 4; lastKnownFileType = sourcecode.swift; path = TournamentListingVC.swift; sourceTree = "<group>"; };
		A9F6C3D01EB520C0000601EA /* BracketsVC.swift */ = {isa = PBXFileReference; fileEncoding = 4; lastKnownFileType = sourcecode.swift; path = BracketsVC.swift; sourceTree = "<group>"; };
		A9F6C3D11EB520C0000601EA /* SearchVC.swift */ = {isa = PBXFileReference; fileEncoding = 4; lastKnownFileType = sourcecode.swift; path = SearchVC.swift; sourceTree = "<group>"; };
		A9F6C3D61EB520D4000601EA /* TournamentCreationVC.swift */ = {isa = PBXFileReference; fileEncoding = 4; lastKnownFileType = sourcecode.swift; path = TournamentCreationVC.swift; sourceTree = "<group>"; };
		A9F6C3D71EB520D4000601EA /* TournamentParticipantsVC.swift */ = {isa = PBXFileReference; fileEncoding = 4; lastKnownFileType = sourcecode.swift; path = TournamentParticipantsVC.swift; sourceTree = "<group>"; };
		A9F6C3D81EB520D4000601EA /* SingleStageVC.swift */ = {isa = PBXFileReference; fileEncoding = 4; lastKnownFileType = sourcecode.swift; path = SingleStageVC.swift; sourceTree = "<group>"; };
		A9F6C3D91EB520D4000601EA /* TwoStageVC.swift */ = {isa = PBXFileReference; fileEncoding = 4; lastKnownFileType = sourcecode.swift; path = TwoStageVC.swift; sourceTree = "<group>"; };
		A9F6C3E01EB5211E000601EA /* Tournament.swift */ = {isa = PBXFileReference; fileEncoding = 4; lastKnownFileType = sourcecode.swift; path = Tournament.swift; sourceTree = "<group>"; };
		A9F6C3E11EB5211E000601EA /* UserCreate.swift */ = {isa = PBXFileReference; fileEncoding = 4; lastKnownFileType = sourcecode.swift; path = UserCreate.swift; sourceTree = "<group>"; };
		A9F6C3E21EB5211E000601EA /* UserSignIn.swift */ = {isa = PBXFileReference; fileEncoding = 4; lastKnownFileType = sourcecode.swift; path = UserSignIn.swift; sourceTree = "<group>"; };
		A9F6C3E61EB52128000601EA /* EmptyStateV.swift */ = {isa = PBXFileReference; fileEncoding = 4; lastKnownFileType = sourcecode.swift; path = EmptyStateV.swift; sourceTree = "<group>"; };
		A9F6C3E71EB52128000601EA /* EmptyStateV.xib */ = {isa = PBXFileReference; fileEncoding = 4; lastKnownFileType = file.xib; path = EmptyStateV.xib; sourceTree = "<group>"; };
		A9F6C3EA1EB56112000601EA /* TournamentMaster.swift */ = {isa = PBXFileReference; fileEncoding = 4; lastKnownFileType = sourcecode.swift; path = TournamentMaster.swift; sourceTree = "<group>"; };
		F4B771E77664A50F8B9336AF /* Pods-Tourney.release.xcconfig */ = {isa = PBXFileReference; includeInIndex = 1; lastKnownFileType = text.xcconfig; name = "Pods-Tourney.release.xcconfig"; path = "Pods/Target Support Files/Pods-Tourney/Pods-Tourney.release.xcconfig"; sourceTree = "<group>"; };
/* End PBXFileReference section */

/* Begin PBXFrameworksBuildPhase section */
		A9F6C3A81EB51FA9000601EA /* Frameworks */ = {
			isa = PBXFrameworksBuildPhase;
			buildActionMask = 2147483647;
			files = (
				FAB1B15ACEA4B5C814BACD6A /* Pods_Tourney.framework in Frameworks */,
			);
			runOnlyForDeploymentPostprocessing = 0;
		};
/* End PBXFrameworksBuildPhase section */

/* Begin PBXGroup section */
		4D3031BF58CF6EF24911D85A /* Frameworks */ = {
			isa = PBXGroup;
			children = (
				18AEDC40A4FDD8D068E76370 /* Pods_Tourney.framework */,
			);
			name = Frameworks;
			sourceTree = "<group>";
		};
		A9F6C3A21EB51FA9000601EA = {
			isa = PBXGroup;
			children = (
				A9F6C3AD1EB51FA9000601EA /* Tourney */,
				A9F6C3AC1EB51FA9000601EA /* Products */,
				CDAFB52F357332457A0BE9F5 /* Pods */,
				4D3031BF58CF6EF24911D85A /* Frameworks */,
			);
			sourceTree = "<group>";
		};
		A9F6C3AC1EB51FA9000601EA /* Products */ = {
			isa = PBXGroup;
			children = (
				A9F6C3AB1EB51FA9000601EA /* Tourney.app */,
			);
			name = Products;
			sourceTree = "<group>";
		};
		A9F6C3AD1EB51FA9000601EA /* Tourney */ = {
			isa = PBXGroup;
			children = (
				A9F6C3DF1EB52116000601EA /* Models */,
				A9F6C3DE1EB52111000601EA /* Views */,
				A9F6C3CC1EB520AD000601EA /* VC */,
				A9F6C3C01EB52046000601EA /* Supporting Files */,
				A9F6C3B51EB51FA9000601EA /* Assets.xcassets */,
				A9F6C3C11EB52089000601EA /* Main.storyboard */,
				A9F6C3B71EB51FA9000601EA /* LaunchScreen.storyboard */,
			);
			path = Tourney;
			sourceTree = "<group>";
		};
		A9F6C3C01EB52046000601EA /* Supporting Files */ = {
			isa = PBXGroup;
			children = (
				A9F6C3BA1EB51FA9000601EA /* Info.plist */,
				A9F6C3B01EB51FA9000601EA /* ViewController.swift */,
				A9F6C3AE1EB51FA9000601EA /* AppDelegate.swift */,
			);
			name = "Supporting Files";
			sourceTree = "<group>";
		};
		A9F6C3CB1EB520A4000601EA /* ProfileSection */ = {
			isa = PBXGroup;
			children = (
				A9F6C3C31EB5209F000601EA /* ProfileVC.swift */,
				A9F6C3C41EB5209F000601EA /* InfoVC.swift */,
				A9F6C3C51EB5209F000601EA /* SignInVC.swift */,
				A9F6C3C61EB5209F000601EA /* SignUpVC.swift */,
			);
			name = ProfileSection;
			sourceTree = "<group>";
		};
		A9F6C3CC1EB520AD000601EA /* VC */ = {
			isa = PBXGroup;
			children = (
				A9F6C3D51EB520CC000601EA /* TournamentCreation */,
				A9F6C3CD1EB520B8000601EA /* KeyboardViewController.swift */,
				A9F6C3CF1EB520C0000601EA /* TournamentListingVC.swift */,
				A9F6C3D01EB520C0000601EA /* BracketsVC.swift */,
				A9F6C3D11EB520C0000601EA /* SearchVC.swift */,
				A9F6C3CB1EB520A4000601EA /* ProfileSection */,
			);
			name = VC;
			sourceTree = "<group>";
		};
		A9F6C3D51EB520CC000601EA /* TournamentCreation */ = {
			isa = PBXGroup;
			children = (
				A9F6C3D61EB520D4000601EA /* TournamentCreationVC.swift */,
				A9F6C3D71EB520D4000601EA /* TournamentParticipantsVC.swift */,
				A9F6C3D81EB520D4000601EA /* SingleStageVC.swift */,
				A9F6C3D91EB520D4000601EA /* TwoStageVC.swift */,
			);
			name = TournamentCreation;
			sourceTree = "<group>";
		};
		A9F6C3DE1EB52111000601EA /* Views */ = {
			isa = PBXGroup;
			children = (
				A9F6C3E61EB52128000601EA /* EmptyStateV.swift */,
				A9F6C3E71EB52128000601EA /* EmptyStateV.xib */,
			);
			name = Views;
			sourceTree = "<group>";
		};
		A9F6C3DF1EB52116000601EA /* Models */ = {
			isa = PBXGroup;
			children = (
				A9F6C3E01EB5211E000601EA /* Tournament.swift */,
				A9F6C3E11EB5211E000601EA /* UserCreate.swift */,
				A9F6C3E21EB5211E000601EA /* UserSignIn.swift */,
				A9F6C3EA1EB56112000601EA /* TournamentMaster.swift */,
			);
			name = Models;
			sourceTree = "<group>";
		};
		CDAFB52F357332457A0BE9F5 /* Pods */ = {
			isa = PBXGroup;
			children = (
				4AC9FEBEE841F150C879D12B /* Pods-Tourney.debug.xcconfig */,
				F4B771E77664A50F8B9336AF /* Pods-Tourney.release.xcconfig */,
			);
			name = Pods;
			sourceTree = "<group>";
		};
/* End PBXGroup section */

/* Begin PBXNativeTarget section */
		A9F6C3AA1EB51FA9000601EA /* Tourney */ = {
			isa = PBXNativeTarget;
			buildConfigurationList = A9F6C3BD1EB51FA9000601EA /* Build configuration list for PBXNativeTarget "Tourney" */;
			buildPhases = (
				147E0E31B171BC6716648720 /* [CP] Check Pods Manifest.lock */,
				A9F6C3A71EB51FA9000601EA /* Sources */,
				A9F6C3A81EB51FA9000601EA /* Frameworks */,
				A9F6C3A91EB51FA9000601EA /* Resources */,
				DC4724A73EBF9C22A06C2D8D /* [CP] Embed Pods Frameworks */,
				25E329AF153137A5AE4AE19C /* [CP] Copy Pods Resources */,
			);
			buildRules = (
			);
			dependencies = (
			);
			name = Tourney;
			productName = Tourney;
			productReference = A9F6C3AB1EB51FA9000601EA /* Tourney.app */;
			productType = "com.apple.product-type.application";
		};
/* End PBXNativeTarget section */

/* Begin PBXProject section */
		A9F6C3A31EB51FA9000601EA /* Project object */ = {
			isa = PBXProject;
			attributes = {
				LastSwiftUpdateCheck = 0830;
				LastUpgradeCheck = 0830;
				ORGANIZATIONNAME = "Joel Lara Quintana";
				TargetAttributes = {
					A9F6C3AA1EB51FA9000601EA = {
						CreatedOnToolsVersion = 8.3;
						DevelopmentTeam = 3ZQB22BBBB;
						ProvisioningStyle = Automatic;
					};
				};
			};
			buildConfigurationList = A9F6C3A61EB51FA9000601EA /* Build configuration list for PBXProject "Tourney" */;
			compatibilityVersion = "Xcode 3.2";
			developmentRegion = English;
			hasScannedForEncodings = 0;
			knownRegions = (
				en,
				Base,
			);
			mainGroup = A9F6C3A21EB51FA9000601EA;
			productRefGroup = A9F6C3AC1EB51FA9000601EA /* Products */;
			projectDirPath = "";
			projectRoot = "";
			targets = (
				A9F6C3AA1EB51FA9000601EA /* Tourney */,
			);
		};
/* End PBXProject section */

/* Begin PBXResourcesBuildPhase section */
		A9F6C3A91EB51FA9000601EA /* Resources */ = {
			isa = PBXResourcesBuildPhase;
			buildActionMask = 2147483647;
			files = (
				A9F6C3C21EB52089000601EA /* Main.storyboard in Resources */,
				A9F6C3B91EB51FA9000601EA /* LaunchScreen.storyboard in Resources */,
				A9F6C3B61EB51FA9000601EA /* Assets.xcassets in Resources */,
				A9F6C3E91EB52128000601EA /* EmptyStateV.xib in Resources */,
			);
			runOnlyForDeploymentPostprocessing = 0;
		};
/* End PBXResourcesBuildPhase section */

/* Begin PBXShellScriptBuildPhase section */
		147E0E31B171BC6716648720 /* [CP] Check Pods Manifest.lock */ = {
			isa = PBXShellScriptBuildPhase;
			buildActionMask = 2147483647;
			files = (
			);
			inputPaths = (
			);
			name = "[CP] Check Pods Manifest.lock";
			outputPaths = (
			);
			runOnlyForDeploymentPostprocessing = 0;
			shellPath = /bin/sh;
			shellScript = "diff \"${PODS_ROOT}/../Podfile.lock\" \"${PODS_ROOT}/Manifest.lock\" > /dev/null\nif [ $? != 0 ] ; then\n    # print error to STDERR\n    echo \"error: The sandbox is not in sync with the Podfile.lock. Run 'pod install' or update your CocoaPods installation.\" >&2\n    exit 1\nfi\n";
			showEnvVarsInLog = 0;
		};
		25E329AF153137A5AE4AE19C /* [CP] Copy Pods Resources */ = {
			isa = PBXShellScriptBuildPhase;
			buildActionMask = 2147483647;
			files = (
			);
			inputPaths = (
			);
			name = "[CP] Copy Pods Resources";
			outputPaths = (
			);
			runOnlyForDeploymentPostprocessing = 0;
			shellPath = /bin/sh;
			shellScript = "\"${SRCROOT}/Pods/Target Support Files/Pods-Tourney/Pods-Tourney-resources.sh\"\n";
			showEnvVarsInLog = 0;
		};
		DC4724A73EBF9C22A06C2D8D /* [CP] Embed Pods Frameworks */ = {
			isa = PBXShellScriptBuildPhase;
			buildActionMask = 2147483647;
			files = (
			);
			inputPaths = (
			);
			name = "[CP] Embed Pods Frameworks";
			outputPaths = (
			);
			runOnlyForDeploymentPostprocessing = 0;
			shellPath = /bin/sh;
			shellScript = "\"${SRCROOT}/Pods/Target Support Files/Pods-Tourney/Pods-Tourney-frameworks.sh\"\n";
			showEnvVarsInLog = 0;
		};
/* End PBXShellScriptBuildPhase section */

/* Begin PBXSourcesBuildPhase section */
		A9F6C3A71EB51FA9000601EA /* Sources */ = {
			isa = PBXSourcesBuildPhase;
			buildActionMask = 2147483647;
			files = (
				A9F6C3D31EB520C0000601EA /* BracketsVC.swift in Sources */,
				A9F6C3C81EB5209F000601EA /* InfoVC.swift in Sources */,
				A9F6C3C71EB5209F000601EA /* ProfileVC.swift in Sources */,
				A9F6C3B11EB51FA9000601EA /* ViewController.swift in Sources */,
				A9F6C3E81EB52128000601EA /* EmptyStateV.swift in Sources */,
				A9F6C3AF1EB51FA9000601EA /* AppDelegate.swift in Sources */,
				A9F6C3D21EB520C0000601EA /* TournamentListingVC.swift in Sources */,
				A9F6C3EB1EB56112000601EA /* TournamentMaster.swift in Sources */,
				A9F6C3DA1EB520D4000601EA /* TournamentCreationVC.swift in Sources */,
				A9F6C3D41EB520C0000601EA /* SearchVC.swift in Sources */,
				A9F6C3DC1EB520D4000601EA /* SingleStageVC.swift in Sources */,
				A9F6C3E31EB5211E000601EA /* Tournament.swift in Sources */,
				A9F6C3CE1EB520B8000601EA /* KeyboardViewController.swift in Sources */,
				A9F6C3E51EB5211E000601EA /* UserSignIn.swift in Sources */,
				A9F6C3DD1EB520D4000601EA /* TwoStageVC.swift in Sources */,
				A9F6C3DB1EB520D4000601EA /* TournamentParticipantsVC.swift in Sources */,
				A9F6C3CA1EB5209F000601EA /* SignUpVC.swift in Sources */,
				A9F6C3E41EB5211E000601EA /* UserCreate.swift in Sources */,
				A9F6C3C91EB5209F000601EA /* SignInVC.swift in Sources */,
			);
			runOnlyForDeploymentPostprocessing = 0;
		};
/* End PBXSourcesBuildPhase section */

/* Begin PBXVariantGroup section */
		A9F6C3B71EB51FA9000601EA /* LaunchScreen.storyboard */ = {
			isa = PBXVariantGroup;
			children = (
				A9F6C3B81EB51FA9000601EA /* Base */,
			);
			name = LaunchScreen.storyboard;
			sourceTree = "<group>";
		};
/* End PBXVariantGroup section */

/* Begin XCBuildConfiguration section */
		A9F6C3BB1EB51FA9000601EA /* Debug */ = {
			isa = XCBuildConfiguration;
			buildSettings = {
				ALWAYS_SEARCH_USER_PATHS = NO;
				CLANG_ANALYZER_NONNULL = YES;
				CLANG_ANALYZER_NUMBER_OBJECT_CONVERSION = YES_AGGRESSIVE;
				CLANG_CXX_LANGUAGE_STANDARD = "gnu++0x";
				CLANG_CXX_LIBRARY = "libc++";
				CLANG_ENABLE_MODULES = YES;
				CLANG_ENABLE_OBJC_ARC = YES;
				CLANG_WARN_BOOL_CONVERSION = YES;
				CLANG_WARN_CONSTANT_CONVERSION = YES;
				CLANG_WARN_DIRECT_OBJC_ISA_USAGE = YES_ERROR;
				CLANG_WARN_DOCUMENTATION_COMMENTS = YES;
				CLANG_WARN_EMPTY_BODY = YES;
				CLANG_WARN_ENUM_CONVERSION = YES;
				CLANG_WARN_INFINITE_RECURSION = YES;
				CLANG_WARN_INT_CONVERSION = YES;
				CLANG_WARN_OBJC_ROOT_CLASS = YES_ERROR;
				CLANG_WARN_SUSPICIOUS_MOVE = YES;
				CLANG_WARN_UNREACHABLE_CODE = YES;
				CLANG_WARN__DUPLICATE_METHOD_MATCH = YES;
				"CODE_SIGN_IDENTITY[sdk=iphoneos*]" = "iPhone Developer";
				COPY_PHASE_STRIP = NO;
				DEBUG_INFORMATION_FORMAT = dwarf;
				ENABLE_STRICT_OBJC_MSGSEND = YES;
				ENABLE_TESTABILITY = YES;
				GCC_C_LANGUAGE_STANDARD = gnu99;
				GCC_DYNAMIC_NO_PIC = NO;
				GCC_NO_COMMON_BLOCKS = YES;
				GCC_OPTIMIZATION_LEVEL = 0;
				GCC_PREPROCESSOR_DEFINITIONS = (
					"DEBUG=1",
					"$(inherited)",
				);
				GCC_WARN_64_TO_32_BIT_CONVERSION = YES;
				GCC_WARN_ABOUT_RETURN_TYPE = YES_ERROR;
				GCC_WARN_UNDECLARED_SELECTOR = YES;
				GCC_WARN_UNINITIALIZED_AUTOS = YES_AGGRESSIVE;
				GCC_WARN_UNUSED_FUNCTION = YES;
				GCC_WARN_UNUSED_VARIABLE = YES;
				IPHONEOS_DEPLOYMENT_TARGET = 10.3;
				MTL_ENABLE_DEBUG_INFO = YES;
				ONLY_ACTIVE_ARCH = YES;
				SDKROOT = iphoneos;
				SWIFT_ACTIVE_COMPILATION_CONDITIONS = DEBUG;
				SWIFT_OPTIMIZATION_LEVEL = "-Onone";
				TARGETED_DEVICE_FAMILY = "1,2";
			};
			name = Debug;
		};
		A9F6C3BC1EB51FA9000601EA /* Release */ = {
			isa = XCBuildConfiguration;
			buildSettings = {
				ALWAYS_SEARCH_USER_PATHS = NO;
				CLANG_ANALYZER_NONNULL = YES;
				CLANG_ANALYZER_NUMBER_OBJECT_CONVERSION = YES_AGGRESSIVE;
				CLANG_CXX_LANGUAGE_STANDARD = "gnu++0x";
				CLANG_CXX_LIBRARY = "libc++";
				CLANG_ENABLE_MODULES = YES;
				CLANG_ENABLE_OBJC_ARC = YES;
				CLANG_WARN_BOOL_CONVERSION = YES;
				CLANG_WARN_CONSTANT_CONVERSION = YES;
				CLANG_WARN_DIRECT_OBJC_ISA_USAGE = YES_ERROR;
				CLANG_WARN_DOCUMENTATION_COMMENTS = YES;
				CLANG_WARN_EMPTY_BODY = YES;
				CLANG_WARN_ENUM_CONVERSION = YES;
				CLANG_WARN_INFINITE_RECURSION = YES;
				CLANG_WARN_INT_CONVERSION = YES;
				CLANG_WARN_OBJC_ROOT_CLASS = YES_ERROR;
				CLANG_WARN_SUSPICIOUS_MOVE = YES;
				CLANG_WARN_UNREACHABLE_CODE = YES;
				CLANG_WARN__DUPLICATE_METHOD_MATCH = YES;
				"CODE_SIGN_IDENTITY[sdk=iphoneos*]" = "iPhone Developer";
				COPY_PHASE_STRIP = NO;
				DEBUG_INFORMATION_FORMAT = "dwarf-with-dsym";
				ENABLE_NS_ASSERTIONS = NO;
				ENABLE_STRICT_OBJC_MSGSEND = YES;
				GCC_C_LANGUAGE_STANDARD = gnu99;
				GCC_NO_COMMON_BLOCKS = YES;
				GCC_WARN_64_TO_32_BIT_CONVERSION = YES;
				GCC_WARN_ABOUT_RETURN_TYPE = YES_ERROR;
				GCC_WARN_UNDECLARED_SELECTOR = YES;
				GCC_WARN_UNINITIALIZED_AUTOS = YES_AGGRESSIVE;
				GCC_WARN_UNUSED_FUNCTION = YES;
				GCC_WARN_UNUSED_VARIABLE = YES;
				IPHONEOS_DEPLOYMENT_TARGET = 10.3;
				MTL_ENABLE_DEBUG_INFO = NO;
				SDKROOT = iphoneos;
				SWIFT_OPTIMIZATION_LEVEL = "-Owholemodule";
				TARGETED_DEVICE_FAMILY = "1,2";
				VALIDATE_PRODUCT = YES;
			};
			name = Release;
		};
		A9F6C3BE1EB51FA9000601EA /* Debug */ = {
			isa = XCBuildConfiguration;
			baseConfigurationReference = 4AC9FEBEE841F150C879D12B /* Pods-Tourney.debug.xcconfig */;
			buildSettings = {
				ASSETCATALOG_COMPILER_APPICON_NAME = AppIcon;
				DEVELOPMENT_TEAM = 3ZQB22BBBB;
				INFOPLIST_FILE = Tourney/Info.plist;
				LD_RUNPATH_SEARCH_PATHS = "$(inherited) @executable_path/Frameworks";
				PRODUCT_BUNDLE_IDENTIFIER = mx.jlq.TournamenteBrackets;
				PRODUCT_NAME = "$(TARGET_NAME)";
				SWIFT_VERSION = 3.0;
			};
			name = Debug;
		};
		A9F6C3BF1EB51FA9000601EA /* Release */ = {
			isa = XCBuildConfiguration;
			baseConfigurationReference = F4B771E77664A50F8B9336AF /* Pods-Tourney.release.xcconfig */;
			buildSettings = {
				ASSETCATALOG_COMPILER_APPICON_NAME = AppIcon;
				DEVELOPMENT_TEAM = 3ZQB22BBBB;
				INFOPLIST_FILE = Tourney/Info.plist;
				LD_RUNPATH_SEARCH_PATHS = "$(inherited) @executable_path/Frameworks";
				PRODUCT_BUNDLE_IDENTIFIER = mx.jlq.TournamenteBrackets;
				PRODUCT_NAME = "$(TARGET_NAME)";
				SWIFT_VERSION = 3.0;
			};
			name = Release;
		};
/* End XCBuildConfiguration section */

/* Begin XCConfigurationList section */
		A9F6C3A61EB51FA9000601EA /* Build configuration list for PBXProject "Tourney" */ = {
			isa = XCConfigurationList;
			buildConfigurations = (
				A9F6C3BB1EB51FA9000601EA /* Debug */,
				A9F6C3BC1EB51FA9000601EA /* Release */,
			);
			defaultConfigurationIsVisible = 0;
			defaultConfigurationName = Release;
		};
		A9F6C3BD1EB51FA9000601EA /* Build configuration list for PBXNativeTarget "Tourney" */ = {
			isa = XCConfigurationList;
			buildConfigurations = (
				A9F6C3BE1EB51FA9000601EA /* Debug */,
				A9F6C3BF1EB51FA9000601EA /* Release */,
			);
			defaultConfigurationIsVisible = 0;
			defaultConfigurationName = Release;
		};
/* End XCConfigurationList section */
	};
	rootObject = A9F6C3A31EB51FA9000601EA /* Project object */;
}
