// !$*UTF8*$!
{
	archiveVersion = 1;
	classes = {
	};
	objectVersion = 46;
	objects = {

/* Begin PBXBuildFile section */
		3489E77FD83EEAAB530FD8B8 /* Pods_MyBrackets.framework in Frameworks */ = {isa = PBXBuildFile; fileRef = EC3CA64C8DF8A2AA08EAE8D6 /* Pods_MyBrackets.framework */; };
		A92E20F11E411A51006364AF /* AppDelegate.swift in Sources */ = {isa = PBXBuildFile; fileRef = A92E20F01E411A51006364AF /* AppDelegate.swift */; };
		A92E20F31E411A51006364AF /* ViewController.swift in Sources */ = {isa = PBXBuildFile; fileRef = A92E20F21E411A51006364AF /* ViewController.swift */; };
		A92E20F61E411A51006364AF /* Main.storyboard in Resources */ = {isa = PBXBuildFile; fileRef = A92E20F41E411A51006364AF /* Main.storyboard */; };
		A92E20F81E411A51006364AF /* Assets.xcassets in Resources */ = {isa = PBXBuildFile; fileRef = A92E20F71E411A51006364AF /* Assets.xcassets */; };
		A92E20FB1E411A51006364AF /* LaunchScreen.storyboard in Resources */ = {isa = PBXBuildFile; fileRef = A92E20F91E411A51006364AF /* LaunchScreen.storyboard */; };
		A92E21041E412AB1006364AF /* TournamentCreationVC.swift in Sources */ = {isa = PBXBuildFile; fileRef = A92E21031E412AB1006364AF /* TournamentCreationVC.swift */; };
		A93FB2441E775B0900E92394 /* SingleStageVC.swift in Sources */ = {isa = PBXBuildFile; fileRef = A93FB2431E775B0900E92394 /* SingleStageVC.swift */; };
		A93FB2461E77BE9D00E92394 /* TwoStageVC.swift in Sources */ = {isa = PBXBuildFile; fileRef = A93FB2451E77BE9D00E92394 /* TwoStageVC.swift */; };
		A9BEFC271E806E6C00B9C115 /* Tournament.swift in Sources */ = {isa = PBXBuildFile; fileRef = A9BEFC261E806E6C00B9C115 /* Tournament.swift */; };
		A9BEFC291E8071BB00B9C115 /* TournamentSearchVC.swift in Sources */ = {isa = PBXBuildFile; fileRef = A9BEFC281E8071BB00B9C115 /* TournamentSearchVC.swift */; };
		A9BEFC2E1E809DF900B9C115 /* libsqlite3.tbd in Frameworks */ = {isa = PBXBuildFile; fileRef = A9BEFC2D1E809DF900B9C115 /* libsqlite3.tbd */; };
		A9BEFC311E809E1200B9C115 /* Puente.m in Sources */ = {isa = PBXBuildFile; fileRef = A9BEFC301E809E1200B9C115 /* Puente.m */; };
		A9D919651E8062DF000B30D7 /* BracketsVC.swift in Sources */ = {isa = PBXBuildFile; fileRef = A9D919641E8062DF000B30D7 /* BracketsVC.swift */; };
		A9D919671E80674B000B30D7 /* TournamentListingVC.swift in Sources */ = {isa = PBXBuildFile; fileRef = A9D919661E80674B000B30D7 /* TournamentListingVC.swift */; };
		A9E3D14D1E773CC50083F8B3 /* TournamentTypeVC.swift in Sources */ = {isa = PBXBuildFile; fileRef = A9E3D14C1E773CC50083F8B3 /* TournamentTypeVC.swift */; };
/* End PBXBuildFile section */

/* Begin PBXFileReference section */
		199883D5475548151F3E6D37 /* Pods-MyBrackets.release.xcconfig */ = {isa = PBXFileReference; includeInIndex = 1; lastKnownFileType = text.xcconfig; name = "Pods-MyBrackets.release.xcconfig"; path = "Pods/Target Support Files/Pods-MyBrackets/Pods-MyBrackets.release.xcconfig"; sourceTree = "<group>"; };
		A92E20ED1E411A51006364AF /* MyBrackets.app */ = {isa = PBXFileReference; explicitFileType = wrapper.application; includeInIndex = 0; path = MyBrackets.app; sourceTree = BUILT_PRODUCTS_DIR; };
		A92E20F01E411A51006364AF /* AppDelegate.swift */ = {isa = PBXFileReference; lastKnownFileType = sourcecode.swift; path = AppDelegate.swift; sourceTree = "<group>"; };
		A92E20F21E411A51006364AF /* ViewController.swift */ = {isa = PBXFileReference; lastKnownFileType = sourcecode.swift; path = ViewController.swift; sourceTree = "<group>"; };
		A92E20F51E411A51006364AF /* Base */ = {isa = PBXFileReference; lastKnownFileType = file.storyboard; name = Base; path = Base.lproj/Main.storyboard; sourceTree = "<group>"; };
		A92E20F71E411A51006364AF /* Assets.xcassets */ = {isa = PBXFileReference; lastKnownFileType = folder.assetcatalog; path = Assets.xcassets; sourceTree = "<group>"; };
		A92E20FA1E411A51006364AF /* Base */ = {isa = PBXFileReference; lastKnownFileType = file.storyboard; name = Base; path = Base.lproj/LaunchScreen.storyboard; sourceTree = "<group>"; };
		A92E20FC1E411A51006364AF /* Info.plist */ = {isa = PBXFileReference; lastKnownFileType = text.plist.xml; path = Info.plist; sourceTree = "<group>"; };
		A92E21031E412AB1006364AF /* TournamentCreationVC.swift */ = {isa = PBXFileReference; fileEncoding = 4; lastKnownFileType = sourcecode.swift; path = TournamentCreationVC.swift; sourceTree = "<group>"; };
		A93FB2431E775B0900E92394 /* SingleStageVC.swift */ = {isa = PBXFileReference; fileEncoding = 4; lastKnownFileType = sourcecode.swift; path = SingleStageVC.swift; sourceTree = "<group>"; };
		A93FB2451E77BE9D00E92394 /* TwoStageVC.swift */ = {isa = PBXFileReference; fileEncoding = 4; lastKnownFileType = sourcecode.swift; path = TwoStageVC.swift; sourceTree = "<group>"; };
		A9BEFC261E806E6C00B9C115 /* Tournament.swift */ = {isa = PBXFileReference; fileEncoding = 4; lastKnownFileType = sourcecode.swift; path = Tournament.swift; sourceTree = "<group>"; };
		A9BEFC281E8071BB00B9C115 /* TournamentSearchVC.swift */ = {isa = PBXFileReference; fileEncoding = 4; lastKnownFileType = sourcecode.swift; path = TournamentSearchVC.swift; sourceTree = "<group>"; };
		A9BEFC2D1E809DF900B9C115 /* libsqlite3.tbd */ = {isa = PBXFileReference; lastKnownFileType = "sourcecode.text-based-dylib-definition"; name = libsqlite3.tbd; path = usr/lib/libsqlite3.tbd; sourceTree = SDKROOT; };
		A9BEFC2F1E809E1200B9C115 /* MyBrackets-Bridging-Header.h */ = {isa = PBXFileReference; lastKnownFileType = sourcecode.c.h; name = "MyBrackets-Bridging-Header.h"; path = "../MyBrackets-Bridging-Header.h"; sourceTree = "<group>"; };
		A9BEFC301E809E1200B9C115 /* Puente.m */ = {isa = PBXFileReference; fileEncoding = 4; lastKnownFileType = sourcecode.c.objc; name = Puente.m; path = ../Puente.m; sourceTree = "<group>"; };
		A9D919641E8062DF000B30D7 /* BracketsVC.swift */ = {isa = PBXFileReference; fileEncoding = 4; lastKnownFileType = sourcecode.swift; path = BracketsVC.swift; sourceTree = "<group>"; };
		A9D919661E80674B000B30D7 /* TournamentListingVC.swift */ = {isa = PBXFileReference; fileEncoding = 4; lastKnownFileType = sourcecode.swift; path = TournamentListingVC.swift; sourceTree = "<group>"; };
		A9E3D14C1E773CC50083F8B3 /* TournamentTypeVC.swift */ = {isa = PBXFileReference; fileEncoding = 4; lastKnownFileType = sourcecode.swift; path = TournamentTypeVC.swift; sourceTree = "<group>"; };
		D5665B87F1F039FCEC77A9B3 /* Pods-MyBrackets.debug.xcconfig */ = {isa = PBXFileReference; includeInIndex = 1; lastKnownFileType = text.xcconfig; name = "Pods-MyBrackets.debug.xcconfig"; path = "Pods/Target Support Files/Pods-MyBrackets/Pods-MyBrackets.debug.xcconfig"; sourceTree = "<group>"; };
		EC3CA64C8DF8A2AA08EAE8D6 /* Pods_MyBrackets.framework */ = {isa = PBXFileReference; explicitFileType = wrapper.framework; includeInIndex = 0; path = Pods_MyBrackets.framework; sourceTree = BUILT_PRODUCTS_DIR; };
/* End PBXFileReference section */

/* Begin PBXFrameworksBuildPhase section */
		A92E20EA1E411A51006364AF /* Frameworks */ = {
			isa = PBXFrameworksBuildPhase;
			buildActionMask = 2147483647;
			files = (
				A9BEFC2E1E809DF900B9C115 /* libsqlite3.tbd in Frameworks */,
				3489E77FD83EEAAB530FD8B8 /* Pods_MyBrackets.framework in Frameworks */,
			);
			runOnlyForDeploymentPostprocessing = 0;
		};
/* End PBXFrameworksBuildPhase section */

/* Begin PBXGroup section */
		0F5B5ABA81AC849456891587 /* Pods */ = {
			isa = PBXGroup;
			children = (
				D5665B87F1F039FCEC77A9B3 /* Pods-MyBrackets.debug.xcconfig */,
				199883D5475548151F3E6D37 /* Pods-MyBrackets.release.xcconfig */,
			);
			name = Pods;
			sourceTree = "<group>";
		};
		A92E20E41E411A51006364AF = {
			isa = PBXGroup;
			children = (
				A92E20EF1E411A51006364AF /* MyBrackets */,
				A92E20EE1E411A51006364AF /* Products */,
				A9BEFC2C1E809DF800B9C115 /* Frameworks */,
				0F5B5ABA81AC849456891587 /* Pods */,
			);
			sourceTree = "<group>";
		};
		A92E20EE1E411A51006364AF /* Products */ = {
			isa = PBXGroup;
			children = (
				A92E20ED1E411A51006364AF /* MyBrackets.app */,
			);
			name = Products;
			sourceTree = "<group>";
		};
		A92E20EF1E411A51006364AF /* MyBrackets */ = {
			isa = PBXGroup;
			children = (
				A9602EDD1E80D1130078992D /* Models */,
				A92E21051E412B40006364AF /* VC */,
				A92E21021E412A95006364AF /* Supporting Files */,
				A92E20F41E411A51006364AF /* Main.storyboard */,
				A92E20F71E411A51006364AF /* Assets.xcassets */,
			);
			name = MyBrackets;
			path = TournamenteBrackets;
			sourceTree = "<group>";
		};
		A92E21021E412A95006364AF /* Supporting Files */ = {
			isa = PBXGroup;
			children = (
				A9BEFC301E809E1200B9C115 /* Puente.m */,
				A9BEFC2F1E809E1200B9C115 /* MyBrackets-Bridging-Header.h */,
				A92E20F01E411A51006364AF /* AppDelegate.swift */,
				A92E20F91E411A51006364AF /* LaunchScreen.storyboard */,
				A92E20FC1E411A51006364AF /* Info.plist */,
			);
			name = "Supporting Files";
			sourceTree = "<group>";
		};
		A92E21051E412B40006364AF /* VC */ = {
			isa = PBXGroup;
			children = (
				A9D919641E8062DF000B30D7 /* BracketsVC.swift */,
				A92E20F21E411A51006364AF /* ViewController.swift */,
				A92E21031E412AB1006364AF /* TournamentCreationVC.swift */,
				A9E3D14C1E773CC50083F8B3 /* TournamentTypeVC.swift */,
				A93FB2431E775B0900E92394 /* SingleStageVC.swift */,
				A93FB2451E77BE9D00E92394 /* TwoStageVC.swift */,
				A9D919661E80674B000B30D7 /* TournamentListingVC.swift */,
				A9BEFC281E8071BB00B9C115 /* TournamentSearchVC.swift */,
			);
			name = VC;
			sourceTree = "<group>";
		};
		A9602EDD1E80D1130078992D /* Models */ = {
			isa = PBXGroup;
			children = (
				A9BEFC261E806E6C00B9C115 /* Tournament.swift */,
			);
			name = Models;
			sourceTree = "<group>";
		};
		A9BEFC2C1E809DF800B9C115 /* Frameworks */ = {
			isa = PBXGroup;
			children = (
				A9BEFC2D1E809DF900B9C115 /* libsqlite3.tbd */,
				EC3CA64C8DF8A2AA08EAE8D6 /* Pods_MyBrackets.framework */,
			);
			name = Frameworks;
			sourceTree = "<group>";
		};
/* End PBXGroup section */

/* Begin PBXNativeTarget section */
		A92E20EC1E411A51006364AF /* MyBrackets */ = {
			isa = PBXNativeTarget;
			buildConfigurationList = A92E20FF1E411A51006364AF /* Build configuration list for PBXNativeTarget "MyBrackets" */;
			buildPhases = (
				2768CF9AD97899FD23F38775 /* [CP] Check Pods Manifest.lock */,
				A92E20E91E411A51006364AF /* Sources */,
				A92E20EA1E411A51006364AF /* Frameworks */,
				A92E20EB1E411A51006364AF /* Resources */,
				F52D8C010C6192DC3FF31FFC /* [CP] Embed Pods Frameworks */,
				FB8F892F157A0AFC49BC12B9 /* [CP] Copy Pods Resources */,
			);
			buildRules = (
			);
			dependencies = (
			);
			name = MyBrackets;
			productName = TournamenteBrackets;
			productReference = A92E20ED1E411A51006364AF /* MyBrackets.app */;
			productType = "com.apple.product-type.application";
		};
/* End PBXNativeTarget section */

/* Begin PBXProject section */
		A92E20E51E411A51006364AF /* Project object */ = {
			isa = PBXProject;
			attributes = {
				LastSwiftUpdateCheck = 0820;
				LastUpgradeCheck = 0820;
				ORGANIZATIONNAME = "Joel Lara Quintana";
				TargetAttributes = {
					A92E20EC1E411A51006364AF = {
						CreatedOnToolsVersion = 8.2.1;
						DevelopmentTeam = 3ZQB22BBBB;
						LastSwiftMigration = 0820;
						ProvisioningStyle = Automatic;
					};
				};
			};
			buildConfigurationList = A92E20E81E411A51006364AF /* Build configuration list for PBXProject "MyBrackets" */;
			compatibilityVersion = "Xcode 3.2";
			developmentRegion = English;
			hasScannedForEncodings = 0;
			knownRegions = (
				en,
				Base,
			);
			mainGroup = A92E20E41E411A51006364AF;
			productRefGroup = A92E20EE1E411A51006364AF /* Products */;
			projectDirPath = "";
			projectRoot = "";
			targets = (
				A92E20EC1E411A51006364AF /* MyBrackets */,
			);
		};
/* End PBXProject section */

/* Begin PBXResourcesBuildPhase section */
		A92E20EB1E411A51006364AF /* Resources */ = {
			isa = PBXResourcesBuildPhase;
			buildActionMask = 2147483647;
			files = (
				A92E20FB1E411A51006364AF /* LaunchScreen.storyboard in Resources */,
				A92E20F81E411A51006364AF /* Assets.xcassets in Resources */,
				A92E20F61E411A51006364AF /* Main.storyboard in Resources */,
			);
			runOnlyForDeploymentPostprocessing = 0;
		};
/* End PBXResourcesBuildPhase section */

/* Begin PBXShellScriptBuildPhase section */
		2768CF9AD97899FD23F38775 /* [CP] Check Pods Manifest.lock */ = {
			isa = PBXShellScriptBuildPhase;
			buildActionMask = 2147483647;
			files = (
			);
			inputPaths = (
			);
			name = "[CP] Check Pods Manifest.lock";
			outputPaths = (
			);
			runOnlyForDeploymentPostprocessing = 0;
			shellPath = /bin/sh;
			shellScript = "diff \"${PODS_ROOT}/../Podfile.lock\" \"${PODS_ROOT}/Manifest.lock\" > /dev/null\nif [ $? != 0 ] ; then\n    # print error to STDERR\n    echo \"error: The sandbox is not in sync with the Podfile.lock. Run 'pod install' or update your CocoaPods installation.\" >&2\n    exit 1\nfi\n";
			showEnvVarsInLog = 0;
		};
		F52D8C010C6192DC3FF31FFC /* [CP] Embed Pods Frameworks */ = {
			isa = PBXShellScriptBuildPhase;
			buildActionMask = 2147483647;
			files = (
			);
			inputPaths = (
			);
			name = "[CP] Embed Pods Frameworks";
			outputPaths = (
			);
			runOnlyForDeploymentPostprocessing = 0;
			shellPath = /bin/sh;
			shellScript = "\"${SRCROOT}/Pods/Target Support Files/Pods-MyBrackets/Pods-MyBrackets-frameworks.sh\"\n";
			showEnvVarsInLog = 0;
		};
		FB8F892F157A0AFC49BC12B9 /* [CP] Copy Pods Resources */ = {
			isa = PBXShellScriptBuildPhase;
			buildActionMask = 2147483647;
			files = (
			);
			inputPaths = (
			);
			name = "[CP] Copy Pods Resources";
			outputPaths = (
			);
			runOnlyForDeploymentPostprocessing = 0;
			shellPath = /bin/sh;
			shellScript = "\"${SRCROOT}/Pods/Target Support Files/Pods-MyBrackets/Pods-MyBrackets-resources.sh\"\n";
			showEnvVarsInLog = 0;
		};
/* End PBXShellScriptBuildPhase section */

/* Begin PBXSourcesBuildPhase section */
		A92E20E91E411A51006364AF /* Sources */ = {
			isa = PBXSourcesBuildPhase;
			buildActionMask = 2147483647;
			files = (
				A93FB2441E775B0900E92394 /* SingleStageVC.swift in Sources */,
				A92E20F31E411A51006364AF /* ViewController.swift in Sources */,
				A93FB2461E77BE9D00E92394 /* TwoStageVC.swift in Sources */,
				A9BEFC271E806E6C00B9C115 /* Tournament.swift in Sources */,
				A9E3D14D1E773CC50083F8B3 /* TournamentTypeVC.swift in Sources */,
				A9D919671E80674B000B30D7 /* TournamentListingVC.swift in Sources */,
				A92E20F11E411A51006364AF /* AppDelegate.swift in Sources */,
				A9D919651E8062DF000B30D7 /* BracketsVC.swift in Sources */,
				A92E21041E412AB1006364AF /* TournamentCreationVC.swift in Sources */,
				A9BEFC311E809E1200B9C115 /* Puente.m in Sources */,
				A9BEFC291E8071BB00B9C115 /* TournamentSearchVC.swift in Sources */,
			);
			runOnlyForDeploymentPostprocessing = 0;
		};
/* End PBXSourcesBuildPhase section */

/* Begin PBXVariantGroup section */
		A92E20F41E411A51006364AF /* Main.storyboard */ = {
			isa = PBXVariantGroup;
			children = (
				A92E20F51E411A51006364AF /* Base */,
			);
			name = Main.storyboard;
			sourceTree = "<group>";
		};
		A92E20F91E411A51006364AF /* LaunchScreen.storyboard */ = {
			isa = PBXVariantGroup;
			children = (
				A92E20FA1E411A51006364AF /* Base */,
			);
			name = LaunchScreen.storyboard;
			sourceTree = "<group>";
		};
/* End PBXVariantGroup section */

/* Begin XCBuildConfiguration section */
		A92E20FD1E411A51006364AF /* Debug */ = {
			isa = XCBuildConfiguration;
			buildSettings = {
				ALWAYS_SEARCH_USER_PATHS = NO;
				CLANG_ANALYZER_NONNULL = YES;
				CLANG_CXX_LANGUAGE_STANDARD = "gnu++0x";
				CLANG_CXX_LIBRARY = "libc++";
				CLANG_ENABLE_MODULES = YES;
				CLANG_ENABLE_OBJC_ARC = YES;
				CLANG_WARN_BOOL_CONVERSION = YES;
				CLANG_WARN_CONSTANT_CONVERSION = YES;
				CLANG_WARN_DIRECT_OBJC_ISA_USAGE = YES_ERROR;
				CLANG_WARN_DOCUMENTATION_COMMENTS = YES;
				CLANG_WARN_EMPTY_BODY = YES;
				CLANG_WARN_ENUM_CONVERSION = YES;
				CLANG_WARN_INFINITE_RECURSION = YES;
				CLANG_WARN_INT_CONVERSION = YES;
				CLANG_WARN_OBJC_ROOT_CLASS = YES_ERROR;
				CLANG_WARN_SUSPICIOUS_MOVE = YES;
				CLANG_WARN_UNREACHABLE_CODE = YES;
				CLANG_WARN__DUPLICATE_METHOD_MATCH = YES;
				"CODE_SIGN_IDENTITY[sdk=iphoneos*]" = "iPhone Developer";
				COPY_PHASE_STRIP = NO;
				DEBUG_INFORMATION_FORMAT = dwarf;
				ENABLE_STRICT_OBJC_MSGSEND = YES;
				ENABLE_TESTABILITY = YES;
				GCC_C_LANGUAGE_STANDARD = gnu99;
				GCC_DYNAMIC_NO_PIC = NO;
				GCC_NO_COMMON_BLOCKS = YES;
				GCC_OPTIMIZATION_LEVEL = 0;
				GCC_PREPROCESSOR_DEFINITIONS = (
					"DEBUG=1",
					"$(inherited)",
				);
				GCC_WARN_64_TO_32_BIT_CONVERSION = YES;
				GCC_WARN_ABOUT_RETURN_TYPE = YES_ERROR;
				GCC_WARN_UNDECLARED_SELECTOR = YES;
				GCC_WARN_UNINITIALIZED_AUTOS = YES_AGGRESSIVE;
				GCC_WARN_UNUSED_FUNCTION = YES;
				GCC_WARN_UNUSED_VARIABLE = YES;
				IPHONEOS_DEPLOYMENT_TARGET = 10.2;
				MTL_ENABLE_DEBUG_INFO = YES;
				ONLY_ACTIVE_ARCH = YES;
				SDKROOT = iphoneos;
				SWIFT_ACTIVE_COMPILATION_CONDITIONS = DEBUG;
				SWIFT_OPTIMIZATION_LEVEL = "-Onone";
				TARGETED_DEVICE_FAMILY = "1,2";
			};
			name = Debug;
		};
		A92E20FE1E411A51006364AF /* Release */ = {
			isa = XCBuildConfiguration;
			buildSettings = {
				ALWAYS_SEARCH_USER_PATHS = NO;
				CLANG_ANALYZER_NONNULL = YES;
				CLANG_CXX_LANGUAGE_STANDARD = "gnu++0x";
				CLANG_CXX_LIBRARY = "libc++";
				CLANG_ENABLE_MODULES = YES;
				CLANG_ENABLE_OBJC_ARC = YES;
				CLANG_WARN_BOOL_CONVERSION = YES;
				CLANG_WARN_CONSTANT_CONVERSION = YES;
				CLANG_WARN_DIRECT_OBJC_ISA_USAGE = YES_ERROR;
				CLANG_WARN_DOCUMENTATION_COMMENTS = YES;
				CLANG_WARN_EMPTY_BODY = YES;
				CLANG_WARN_ENUM_CONVERSION = YES;
				CLANG_WARN_INFINITE_RECURSION = YES;
				CLANG_WARN_INT_CONVERSION = YES;
				CLANG_WARN_OBJC_ROOT_CLASS = YES_ERROR;
				CLANG_WARN_SUSPICIOUS_MOVE = YES;
				CLANG_WARN_UNREACHABLE_CODE = YES;
				CLANG_WARN__DUPLICATE_METHOD_MATCH = YES;
				"CODE_SIGN_IDENTITY[sdk=iphoneos*]" = "iPhone Developer";
				COPY_PHASE_STRIP = NO;
				DEBUG_INFORMATION_FORMAT = "dwarf-with-dsym";
				ENABLE_NS_ASSERTIONS = NO;
				ENABLE_STRICT_OBJC_MSGSEND = YES;
				GCC_C_LANGUAGE_STANDARD = gnu99;
				GCC_NO_COMMON_BLOCKS = YES;
				GCC_WARN_64_TO_32_BIT_CONVERSION = YES;
				GCC_WARN_ABOUT_RETURN_TYPE = YES_ERROR;
				GCC_WARN_UNDECLARED_SELECTOR = YES;
				GCC_WARN_UNINITIALIZED_AUTOS = YES_AGGRESSIVE;
				GCC_WARN_UNUSED_FUNCTION = YES;
				GCC_WARN_UNUSED_VARIABLE = YES;
				IPHONEOS_DEPLOYMENT_TARGET = 10.2;
				MTL_ENABLE_DEBUG_INFO = NO;
				SDKROOT = iphoneos;
				SWIFT_OPTIMIZATION_LEVEL = "-Owholemodule";
				TARGETED_DEVICE_FAMILY = "1,2";
				VALIDATE_PRODUCT = YES;
			};
			name = Release;
		};
		A92E21001E411A51006364AF /* Debug */ = {
			isa = XCBuildConfiguration;
			baseConfigurationReference = D5665B87F1F039FCEC77A9B3 /* Pods-MyBrackets.debug.xcconfig */;
			buildSettings = {
				ASSETCATALOG_COMPILER_APPICON_NAME = AppIcon;
				CLANG_ENABLE_MODULES = YES;
				DEVELOPMENT_TEAM = 3ZQB22BBBB;
				INFOPLIST_FILE = TournamenteBrackets/Info.plist;
				LD_RUNPATH_SEARCH_PATHS = "$(inherited) @executable_path/Frameworks";
				PRODUCT_BUNDLE_IDENTIFIER = mx.jlq.TournamenteBrackets;
				PRODUCT_NAME = "$(TARGET_NAME)";
				SWIFT_OBJC_BRIDGING_HEADER = "MyBrackets-Bridging-Header.h";
				SWIFT_OPTIMIZATION_LEVEL = "-Onone";
				SWIFT_VERSION = 3.0;
			};
			name = Debug;
		};
		A92E21011E411A51006364AF /* Release */ = {
			isa = XCBuildConfiguration;
			baseConfigurationReference = 199883D5475548151F3E6D37 /* Pods-MyBrackets.release.xcconfig */;
			buildSettings = {
				ASSETCATALOG_COMPILER_APPICON_NAME = AppIcon;
				CLANG_ENABLE_MODULES = YES;
				DEVELOPMENT_TEAM = 3ZQB22BBBB;
				INFOPLIST_FILE = TournamenteBrackets/Info.plist;
				LD_RUNPATH_SEARCH_PATHS = "$(inherited) @executable_path/Frameworks";
				PRODUCT_BUNDLE_IDENTIFIER = mx.jlq.TournamenteBrackets;
				PRODUCT_NAME = "$(TARGET_NAME)";
				SWIFT_OBJC_BRIDGING_HEADER = "MyBrackets-Bridging-Header.h";
				SWIFT_VERSION = 3.0;
			};
			name = Release;
		};
/* End XCBuildConfiguration section */

/* Begin XCConfigurationList section */
		A92E20E81E411A51006364AF /* Build configuration list for PBXProject "MyBrackets" */ = {
			isa = XCConfigurationList;
			buildConfigurations = (
				A92E20FD1E411A51006364AF /* Debug */,
				A92E20FE1E411A51006364AF /* Release */,
			);
			defaultConfigurationIsVisible = 0;
			defaultConfigurationName = Release;
		};
		A92E20FF1E411A51006364AF /* Build configuration list for PBXNativeTarget "MyBrackets" */ = {
			isa = XCConfigurationList;
			buildConfigurations = (
				A92E21001E411A51006364AF /* Debug */,
				A92E21011E411A51006364AF /* Release */,
			);
			defaultConfigurationIsVisible = 0;
			defaultConfigurationName = Release;
		};
/* End XCConfigurationList section */
	};
	rootObject = A92E20E51E411A51006364AF /* Project object */;
}
